
Microsoft Visual Studio Solution File, Format Version 12.00
# Visual Studio Version 16
VisualStudioVersion = 16.0.29409.12
MinimumVisualStudioVersion = 10.0.40219.1
Project("{FAE04EC0-301F-11D3-BF4B-00C04F79EFBC}") = "CompressionSample", "CompressionSample\CompressionSample.csproj", "{58D2D1F3-88E4-415D-B273-A01FA9B95662}"
EndProject
Project("{FAE04EC0-301F-11D3-BF4B-00C04F79EFBC}") = "MyLibrary", "MyLibrary\MyLibrary.csproj", "{76F055E9-7D54-43F9-B658-811119817A4F}"
EndProject
Global
	GlobalSection(SolutionConfigurationPlatforms) = preSolution
		Debug|Any CPU = Debug|Any CPU
		Debug|ARM = Debug|ARM
		Debug|ARM64 = Debug|ARM64
		Debug|x64 = Debug|x64
		Debug|x86 = Debug|x86
		Release|Any CPU = Release|Any CPU
		Release|ARM = Release|ARM
		Release|ARM64 = Release|ARM64
		Release|x64 = Release|x64
		Release|x86 = Release|x86
	EndGlobalSection
	GlobalSection(ProjectConfigurationPlatforms) = postSolution
		{58D2D1F3-88E4-415D-B273-A01FA9B95662}.Debug|Any CPU.ActiveCfg = Debug|x86
		{58D2D1F3-88E4-415D-B273-A01FA9B95662}.Debug|ARM.ActiveCfg = Debug|ARM
		{58D2D1F3-88E4-415D-B273-A01FA9B95662}.Debug|ARM.Build.0 = Debug|ARM
		{58D2D1F3-88E4-415D-B273-A01FA9B95662}.Debug|ARM.Deploy.0 = Debug|ARM
		{58D2D1F3-88E4-415D-B273-A01FA9B95662}.Debug|ARM64.ActiveCfg = Debug|ARM64
		{58D2D1F3-88E4-415D-B273-A01FA9B95662}.Debug|ARM64.Build.0 = Debug|ARM64
		{58D2D1F3-88E4-415D-B273-A01FA9B95662}.Debug|ARM64.Deploy.0 = Debug|ARM64
		{58D2D1F3-88E4-415D-B273-A01FA9B95662}.Debug|x64.ActiveCfg = Debug|x64
		{58D2D1F3-88E4-415D-B273-A01FA9B95662}.Debug|x64.Build.0 = Debug|x64
		{58D2D1F3-88E4-415D-B273-A01FA9B95662}.Debug|x64.Deploy.0 = Debug|x64
		{58D2D1F3-88E4-415D-B273-A01FA9B95662}.Debug|x86.ActiveCfg = Debug|x86
		{58D2D1F3-88E4-415D-B273-A01FA9B95662}.Debug|x86.Build.0 = Debug|x86
		{58D2D1F3-88E4-415D-B273-A01FA9B95662}.Debug|x86.Deploy.0 = Debug|x86
		{58D2D1F3-88E4-415D-B273-A01FA9B95662}.Release|Any CPU.ActiveCfg = Release|x86
		{58D2D1F3-88E4-415D-B273-A01FA9B95662}.Release|ARM.ActiveCfg = Release|ARM
		{58D2D1F3-88E4-415D-B273-A01FA9B95662}.Release|ARM.Build.0 = Release|ARM
		{58D2D1F3-88E4-415D-B273-A01FA9B95662}.Release|ARM.Deploy.0 = Release|ARM
		{58D2D1F3-88E4-415D-B273-A01FA9B95662}.Release|ARM64.ActiveCfg = Release|ARM64
		{58D2D1F3-88E4-415D-B273-A01FA9B95662}.Release|ARM64.Build.0 = Release|ARM64
		{58D2D1F3-88E4-415D-B273-A01FA9B95662}.Release|ARM64.Deploy.0 = Release|ARM64
		{58D2D1F3-88E4-415D-B273-A01FA9B95662}.Release|x64.ActiveCfg = Release|x64
		{58D2D1F3-88E4-415D-B273-A01FA9B95662}.Release|x64.Build.0 = Release|x64
		{58D2D1F3-88E4-415D-B273-A01FA9B95662}.Release|x64.Deploy.0 = Release|x64
		{58D2D1F3-88E4-415D-B273-A01FA9B95662}.Release|x86.ActiveCfg = Release|x86
		{58D2D1F3-88E4-415D-B273-A01FA9B95662}.Release|x86.Build.0 = Release|x86
		{58D2D1F3-88E4-415D-B273-A01FA9B95662}.Release|x86.Deploy.0 = Release|x86
		{76F055E9-7D54-43F9-B658-811119817A4F}.Debug|Any CPU.ActiveCfg = Debug|Any CPU
		{76F055E9-7D54-43F9-B658-811119817A4F}.Debug|Any CPU.Build.0 = Debug|Any CPU
		{76F055E9-7D54-43F9-B658-811119817A4F}.Debug|ARM.ActiveCfg = Debug|Any CPU
		{76F055E9-7D54-43F9-B658-811119817A4F}.Debug|ARM.Build.0 = Debug|Any CPU
		{76F055E9-7D54-43F9-B658-811119817A4F}.Debug|ARM64.ActiveCfg = Debug|Any CPU
		{76F055E9-7D54-43F9-B658-811119817A4F}.Debug|ARM64.Build.0 = Debug|Any CPU
		{76F055E9-7D54-43F9-B658-811119817A4F}.Debug|x64.ActiveCfg = Debug|Any CPU
		{76F055E9-7D54-43F9-B658-811119817A4F}.Debug|x64.Build.0 = Debug|Any CPU
		{76F055E9-7D54-43F9-B658-811119817A4F}.Debug|x86.ActiveCfg = Debug|Any CPU
		{76F055E9-7D54-43F9-B658-811119817A4F}.Debug|x86.Build.0 = Debug|Any CPU
		{76F055E9-7D54-43F9-B658-811119817A4F}.Release|Any CPU.ActiveCfg = Release|Any CPU
		{76F055E9-7D54-43F9-B658-811119817A4F}.Release|Any CPU.Build.0 = Release|Any CPU
		{76F055E9-7D54-43F9-B658-811119817A4F}.Release|ARM.ActiveCfg = Release|Any CPU
		{76F055E9-7D54-43F9-B658-811119817A4F}.Release|ARM.Build.0 = Release|Any CPU
		{76F055E9-7D54-43F9-B658-811119817A4F}.Release|ARM64.ActiveCfg = Release|Any CPU
		{76F055E9-7D54-43F9-B658-811119817A4F}.Release|ARM64.Build.0 = Release|Any CPU
		{76F055E9-7D54-43F9-B658-811119817A4F}.Release|x64.ActiveCfg = Release|Any CPU
		{76F055E9-7D54-43F9-B658-811119817A4F}.Release|x64.Build.0 = Release|Any CPU
		{76F055E9-7D54-43F9-B658-811119817A4F}.Release|x86.ActiveCfg = Release|Any CPU
		{76F055E9-7D54-43F9-B658-811119817A4F}.Release|x86.Build.0 = Release|Any CPU
	EndGlobalSection
	GlobalSection(SolutionProperties) = preSolution
		HideSolutionNode = FALSE
	EndGlobalSection
	GlobalSection(ExtensibilityGlobals) = postSolution
		SolutionGuid = {0D9F297E-CB2A-463F-BDF1-912285CF9E90}
	EndGlobalSection
EndGlobal
